
Microsoft Visual Studio Solution File, Format Version 12.00
# Visual Studio Version 17
VisualStudioVersion = 17.14.36616.10 d17.14
MinimumVisualStudioVersion = 10.0.40219.1
Project("{FAE04EC0-301F-11D3-BF4B-00C04F79EFBC}") = "RANDOM NUMBER SIMULAITONS", "RANDOM NUMBER SIMULAITONS.csproj", "{6339594F-DCCB-4A0C-B849-7FA12CEE23B6}"
EndProject
Global
	GlobalSection(SolutionConfigurationPlatforms) = preSolution
		Debug|Any CPU = Debug|Any CPU
		Release|Any CPU = Release|Any CPU
	EndGlobalSection
	GlobalSection(ProjectConfigurationPlatforms) = postSolution
		{6339594F-DCCB-4A0C-B849-7FA12CEE23B6}.Debug|Any CPU.ActiveCfg = Debug|Any CPU
		{6339594F-DCCB-4A0C-B849-7FA12CEE23B6}.Debug|Any CPU.Build.0 = Debug|Any CPU
		{6339594F-DCCB-4A0C-B849-7FA12CEE23B6}.Release|Any CPU.ActiveCfg = Release|Any CPU
		{6339594F-DCCB-4A0C-B849-7FA12CEE23B6}.Release|Any CPU.Build.0 = Release|Any CPU
	EndGlobalSection
	GlobalSection(SolutionProperties) = preSolution
		HideSolutionNode = FALSE
	EndGlobalSection
	GlobalSection(ExtensibilityGlobals) = postSolution
		SolutionGuid = {C27E2849-7321-4E85-9EA3-3718A1069335}
	EndGlobalSection
EndGlobal
